
Microsoft Visual Studio Solution File, Format Version 12.00
# Visual Studio Version 17
VisualStudioVersion = 17.7.34031.279
MinimumVisualStudioVersion = 10.0.40219.1
Project("{FAE04EC0-301F-11D3-BF4B-00C04F79EFBC}") = "GERADORDESENHA2", "GERADORDESENHA2\GERADORDESENHA2.csproj", "{D75852C2-63A3-4BB2-A393-0B3DC1B7FD12}"
EndProject
Global
	GlobalSection(SolutionConfigurationPlatforms) = preSolution
		Debug|Any CPU = Debug|Any CPU
		Release|Any CPU = Release|Any CPU
	EndGlobalSection
	GlobalSection(ProjectConfigurationPlatforms) = postSolution
		{D75852C2-63A3-4BB2-A393-0B3DC1B7FD12}.Debug|Any CPU.ActiveCfg = Debug|Any CPU
		{D75852C2-63A3-4BB2-A393-0B3DC1B7FD12}.Debug|Any CPU.Build.0 = Debug|Any CPU
		{D75852C2-63A3-4BB2-A393-0B3DC1B7FD12}.Release|Any CPU.ActiveCfg = Release|Any CPU
		{D75852C2-63A3-4BB2-A393-0B3DC1B7FD12}.Release|Any CPU.Build.0 = Release|Any CPU
	EndGlobalSection
	GlobalSection(SolutionProperties) = preSolution
		HideSolutionNode = FALSE
	EndGlobalSection
	GlobalSection(ExtensibilityGlobals) = postSolution
		SolutionGuid = {7888A821-56ED-45EE-9527-D551ECFBAE6E}
	EndGlobalSection
EndGlobal
